
Microsoft Visual Studio Solution File, Format Version 11.00
# Visual Studio 2010
Project("{8BC9CEB8-8B4A-11D0-8D11-00A0C91BC942}") = "3d", "3d.vcxproj", "{82187925-DA05-4CF7-8123-083C5350D8B3}"
EndProject
Project("{8BC9CEB8-8B4A-11D0-8D11-00A0C91BC942}") = "3d_multi", "3d_multi.vcxproj", "{1BFA82FA-7FCD-48E4-9DEE-E0E9F4344F8E}"
EndProject
Project("{8BC9CEB8-8B4A-11D0-8D11-00A0C91BC942}") = "event_parameter", "event_parameter.vcxproj", "{F8AF90A9-600C-4AFA-97FB-6EFCEC530AD7}"
EndProject
Project("{8BC9CEB8-8B4A-11D0-8D11-00A0C91BC942}") = "load_banks", "load_banks.vcxproj", "{C8840D84-416B-490F-AF27-D3F5B10C658D}"
EndProject
Project("{8BC9CEB8-8B4A-11D0-8D11-00A0C91BC942}") = "music_callbacks", "music_callbacks.vcxproj", "{06D3669D-9F3A-44B1-8F03-6F1B062E6CC2}"
EndProject
Project("{8BC9CEB8-8B4A-11D0-8D11-00A0C91BC942}") = "objectpan", "objectpan.vcxproj", "{D66DF9EF-2398-436A-9D72-BA8A76264AE6}"
EndProject
Project("{8BC9CEB8-8B4A-11D0-8D11-00A0C91BC942}") = "programmer_sound", "programmer_sound.vcxproj", "{39F1EA1A-2859-4EF3-B741-B6CAB0FE1197}"
EndProject
Project("{8BC9CEB8-8B4A-11D0-8D11-00A0C91BC942}") = "recording_playback", "recording_playback.vcxproj", "{8BF28C14-08B4-4869-9F3C-347FA1B7C2B0}"
EndProject
Project("{8BC9CEB8-8B4A-11D0-8D11-00A0C91BC942}") = "simple_event", "simple_event.vcxproj", "{D74AF4CE-138E-400F-9E1F-64022481F50D}"
EndProject
Global
	GlobalSection(SolutionConfigurationPlatforms) = preSolution
		Debug|Win32 = Debug|Win32
		Debug|x64 = Debug|x64
		Release|Win32 = Release|Win32
		Release|x64 = Release|x64
	EndGlobalSection
	GlobalSection(ProjectConfigurationPlatforms) = postSolution
		{82187925-DA05-4CF7-8123-083C5350D8B3}.Debug|Win32.ActiveCfg = Debug|Win32
		{82187925-DA05-4CF7-8123-083C5350D8B3}.Debug|Win32.Build.0 = Debug|Win32
		{82187925-DA05-4CF7-8123-083C5350D8B3}.Debug|Win32.Deploy.0 = Debug|Win32
		{82187925-DA05-4CF7-8123-083C5350D8B3}.Debug|x64.ActiveCfg = Debug|x64
		{82187925-DA05-4CF7-8123-083C5350D8B3}.Debug|x64.Build.0 = Debug|x64
		{82187925-DA05-4CF7-8123-083C5350D8B3}.Debug|x64.Deploy.0 = Debug|x64
		{82187925-DA05-4CF7-8123-083C5350D8B3}.Release|Win32.ActiveCfg = Release|Win32
		{82187925-DA05-4CF7-8123-083C5350D8B3}.Release|Win32.Build.0 = Release|Win32
		{82187925-DA05-4CF7-8123-083C5350D8B3}.Release|Win32.Deploy.0 = Release|Win32
		{82187925-DA05-4CF7-8123-083C5350D8B3}.Release|x64.ActiveCfg = Release|x64
		{82187925-DA05-4CF7-8123-083C5350D8B3}.Release|x64.Build.0 = Release|x64
		{82187925-DA05-4CF7-8123-083C5350D8B3}.Release|x64.Deploy.0 = Release|x64
		{1BFA82FA-7FCD-48E4-9DEE-E0E9F4344F8E}.Debug|Win32.ActiveCfg = Debug|Win32
		{1BFA82FA-7FCD-48E4-9DEE-E0E9F4344F8E}.Debug|Win32.Build.0 = Debug|Win32
		{1BFA82FA-7FCD-48E4-9DEE-E0E9F4344F8E}.Debug|Win32.Deploy.0 = Debug|Win32
		{1BFA82FA-7FCD-48E4-9DEE-E0E9F4344F8E}.Debug|x64.ActiveCfg = Debug|x64
		{1BFA82FA-7FCD-48E4-9DEE-E0E9F4344F8E}.Debug|x64.Build.0 = Debug|x64
		{1BFA82FA-7FCD-48E4-9DEE-E0E9F4344F8E}.Debug|x64.Deploy.0 = Debug|x64
		{1BFA82FA-7FCD-48E4-9DEE-E0E9F4344F8E}.Release|Win32.ActiveCfg = Release|Win32
		{1BFA82FA-7FCD-48E4-9DEE-E0E9F4344F8E}.Release|Win32.Build.0 = Release|Win32
		{1BFA82FA-7FCD-48E4-9DEE-E0E9F4344F8E}.Release|Win32.Deploy.0 = Release|Win32
		{1BFA82FA-7FCD-48E4-9DEE-E0E9F4344F8E}.Release|x64.ActiveCfg = Release|x64
		{1BFA82FA-7FCD-48E4-9DEE-E0E9F4344F8E}.Release|x64.Build.0 = Release|x64
		{1BFA82FA-7FCD-48E4-9DEE-E0E9F4344F8E}.Release|x64.Deploy.0 = Release|x64
		{F8AF90A9-600C-4AFA-97FB-6EFCEC530AD7}.Debug|Win32.ActiveCfg = Debug|Win32
		{F8AF90A9-600C-4AFA-97FB-6EFCEC530AD7}.Debug|Win32.Build.0 = Debug|Win32
		{F8AF90A9-600C-4AFA-97FB-6EFCEC530AD7}.Debug|Win32.Deploy.0 = Debug|Win32
		{F8AF90A9-600C-4AFA-97FB-6EFCEC530AD7}.Debug|x64.ActiveCfg = Debug|x64
		{F8AF90A9-600C-4AFA-97FB-6EFCEC530AD7}.Debug|x64.Build.0 = Debug|x64
		{F8AF90A9-600C-4AFA-97FB-6EFCEC530AD7}.Debug|x64.Deploy.0 = Debug|x64
		{F8AF90A9-600C-4AFA-97FB-6EFCEC530AD7}.Release|Win32.ActiveCfg = Release|Win32
		{F8AF90A9-600C-4AFA-97FB-6EFCEC530AD7}.Release|Win32.Build.0 = Release|Win32
		{F8AF90A9-600C-4AFA-97FB-6EFCEC530AD7}.Release|Win32.Deploy.0 = Release|Win32
		{F8AF90A9-600C-4AFA-97FB-6EFCEC530AD7}.Release|x64.ActiveCfg = Release|x64
		{F8AF90A9-600C-4AFA-97FB-6EFCEC530AD7}.Release|x64.Build.0 = Release|x64
		{F8AF90A9-600C-4AFA-97FB-6EFCEC530AD7}.Release|x64.Deploy.0 = Release|x64
		{C8840D84-416B-490F-AF27-D3F5B10C658D}.Debug|Win32.ActiveCfg = Debug|Win32
		{C8840D84-416B-490F-AF27-D3F5B10C658D}.Debug|Win32.Build.0 = Debug|Win32
		{C8840D84-416B-490F-AF27-D3F5B10C658D}.Debug|Win32.Deploy.0 = Debug|Win32
		{C8840D84-416B-490F-AF27-D3F5B10C658D}.Debug|x64.ActiveCfg = Debug|x64
		{C8840D84-416B-490F-AF27-D3F5B10C658D}.Debug|x64.Build.0 = Debug|x64
		{C8840D84-416B-490F-AF27-D3F5B10C658D}.Debug|x64.Deploy.0 = Debug|x64
		{C8840D84-416B-490F-AF27-D3F5B10C658D}.Release|Win32.ActiveCfg = Release|Win32
		{C8840D84-416B-490F-AF27-D3F5B10C658D}.Release|Win32.Build.0 = Release|Win32
		{C8840D84-416B-490F-AF27-D3F5B10C658D}.Release|Win32.Deploy.0 = Release|Win32
		{C8840D84-416B-490F-AF27-D3F5B10C658D}.Release|x64.ActiveCfg = Release|x64
		{C8840D84-416B-490F-AF27-D3F5B10C658D}.Release|x64.Build.0 = Release|x64
		{C8840D84-416B-490F-AF27-D3F5B10C658D}.Release|x64.Deploy.0 = Release|x64
		{06D3669D-9F3A-44B1-8F03-6F1B062E6CC2}.Debug|Win32.ActiveCfg = Debug|Win32
		{06D3669D-9F3A-44B1-8F03-6F1B062E6CC2}.Debug|Win32.Build.0 = Debug|Win32
		{06D3669D-9F3A-44B1-8F03-6F1B062E6CC2}.Debug|Win32.Deploy.0 = Debug|Win32
		{06D3669D-9F3A-44B1-8F03-6F1B062E6CC2}.Debug|x64.ActiveCfg = Debug|x64
		{06D3669D-9F3A-44B1-8F03-6F1B062E6CC2}.Debug|x64.Build.0 = Debug|x64
		{06D3669D-9F3A-44B1-8F03-6F1B062E6CC2}.Debug|x64.Deploy.0 = Debug|x64
		{06D3669D-9F3A-44B1-8F03-6F1B062E6CC2}.Release|Win32.ActiveCfg = Release|Win32
		{06D3669D-9F3A-44B1-8F03-6F1B062E6CC2}.Release|Win32.Build.0 = Release|Win32
		{06D3669D-9F3A-44B1-8F03-6F1B062E6CC2}.Release|Win32.Deploy.0 = Release|Win32
		{06D3669D-9F3A-44B1-8F03-6F1B062E6CC2}.Release|x64.ActiveCfg = Release|x64
		{06D3669D-9F3A-44B1-8F03-6F1B062E6CC2}.Release|x64.Build.0 = Release|x64
		{06D3669D-9F3A-44B1-8F03-6F1B062E6CC2}.Release|x64.Deploy.0 = Release|x64
		{D66DF9EF-2398-436A-9D72-BA8A76264AE6}.Debug|Win32.ActiveCfg = Debug|Win32
		{D66DF9EF-2398-436A-9D72-BA8A76264AE6}.Debug|Win32.Build.0 = Debug|Win32
		{D66DF9EF-2398-436A-9D72-BA8A76264AE6}.Debug|Win32.Deploy.0 = Debug|Win32
		{D66DF9EF-2398-436A-9D72-BA8A76264AE6}.Debug|x64.ActiveCfg = Debug|x64
		{D66DF9EF-2398-436A-9D72-BA8A76264AE6}.Debug|x64.Build.0 = Debug|x64
		{D66DF9EF-2398-436A-9D72-BA8A76264AE6}.Debug|x64.Deploy.0 = Debug|x64
		{D66DF9EF-2398-436A-9D72-BA8A76264AE6}.Release|Win32.ActiveCfg = Release|Win32
		{D66DF9EF-2398-436A-9D72-BA8A76264AE6}.Release|Win32.Build.0 = Release|Win32
		{D66DF9EF-2398-436A-9D72-BA8A76264AE6}.Release|Win32.Deploy.0 = Release|Win32
		{D66DF9EF-2398-436A-9D72-BA8A76264AE6}.Release|x64.ActiveCfg = Release|x64
		{D66DF9EF-2398-436A-9D72-BA8A76264AE6}.Release|x64.Build.0 = Release|x64
		{D66DF9EF-2398-436A-9D72-BA8A76264AE6}.Release|x64.Deploy.0 = Release|x64
		{39F1EA1A-2859-4EF3-B741-B6CAB0FE1197}.Debug|Win32.ActiveCfg = Debug|Win32
		{39F1EA1A-2859-4EF3-B741-B6CAB0FE1197}.Debug|Win32.Build.0 = Debug|Win32
		{39F1EA1A-2859-4EF3-B741-B6CAB0FE1197}.Debug|Win32.Deploy.0 = Debug|Win32
		{39F1EA1A-2859-4EF3-B741-B6CAB0FE1197}.Debug|x64.ActiveCfg = Debug|x64
		{39F1EA1A-2859-4EF3-B741-B6CAB0FE1197}.Debug|x64.Build.0 = Debug|x64
		{39F1EA1A-2859-4EF3-B741-B6CAB0FE1197}.Debug|x64.Deploy.0 = Debug|x64
		{39F1EA1A-2859-4EF3-B741-B6CAB0FE1197}.Release|Win32.ActiveCfg = Release|Win32
		{39F1EA1A-2859-4EF3-B741-B6CAB0FE1197}.Release|Win32.Build.0 = Release|Win32
		{39F1EA1A-2859-4EF3-B741-B6CAB0FE1197}.Release|Win32.Deploy.0 = Release|Win32
		{39F1EA1A-2859-4EF3-B741-B6CAB0FE1197}.Release|x64.ActiveCfg = Release|x64
		{39F1EA1A-2859-4EF3-B741-B6CAB0FE1197}.Release|x64.Build.0 = Release|x64
		{39F1EA1A-2859-4EF3-B741-B6CAB0FE1197}.Release|x64.Deploy.0 = Release|x64
		{8BF28C14-08B4-4869-9F3C-347FA1B7C2B0}.Debug|Win32.ActiveCfg = Debug|Win32
		{8BF28C14-08B4-4869-9F3C-347FA1B7C2B0}.Debug|Win32.Build.0 = Debug|Win32
		{8BF28C14-08B4-4869-9F3C-347FA1B7C2B0}.Debug|Win32.Deploy.0 = Debug|Win32
		{8BF28C14-08B4-4869-9F3C-347FA1B7C2B0}.Debug|x64.ActiveCfg = Debug|x64
		{8BF28C14-08B4-4869-9F3C-347FA1B7C2B0}.Debug|x64.Build.0 = Debug|x64
		{8BF28C14-08B4-4869-9F3C-347FA1B7C2B0}.Debug|x64.Deploy.0 = Debug|x64
		{8BF28C14-08B4-4869-9F3C-347FA1B7C2B0}.Release|Win32.ActiveCfg = Release|Win32
		{8BF28C14-08B4-4869-9F3C-347FA1B7C2B0}.Release|Win32.Build.0 = Release|Win32
		{8BF28C14-08B4-4869-9F3C-347FA1B7C2B0}.Release|Win32.Deploy.0 = Release|Win32
		{8BF28C14-08B4-4869-9F3C-347FA1B7C2B0}.Release|x64.ActiveCfg = Release|x64
		{8BF28C14-08B4-4869-9F3C-347FA1B7C2B0}.Release|x64.Build.0 = Release|x64
		{8BF28C14-08B4-4869-9F3C-347FA1B7C2B0}.Release|x64.Deploy.0 = Release|x64
		{D74AF4CE-138E-400F-9E1F-64022481F50D}.Debug|Win32.ActiveCfg = Debug|Win32
		{D74AF4CE-138E-400F-9E1F-64022481F50D}.Debug|Win32.Build.0 = Debug|Win32
		{D74AF4CE-138E-400F-9E1F-64022481F50D}.Debug|Win32.Deploy.0 = Debug|Win32
		{D74AF4CE-138E-400F-9E1F-64022481F50D}.Debug|x64.ActiveCfg = Debug|x64
		{D74AF4CE-138E-400F-9E1F-64022481F50D}.Debug|x64.Build.0 = Debug|x64
		{D74AF4CE-138E-400F-9E1F-64022481F50D}.Debug|x64.Deploy.0 = Debug|x64
		{D74AF4CE-138E-400F-9E1F-64022481F50D}.Release|Win32.ActiveCfg = Release|Win32
		{D74AF4CE-138E-400F-9E1F-64022481F50D}.Release|Win32.Build.0 = Release|Win32
		{D74AF4CE-138E-400F-9E1F-64022481F50D}.Release|Win32.Deploy.0 = Release|Win32
		{D74AF4CE-138E-400F-9E1F-64022481F50D}.Release|x64.ActiveCfg = Release|x64
		{D74AF4CE-138E-400F-9E1F-64022481F50D}.Release|x64.Build.0 = Release|x64
		{D74AF4CE-138E-400F-9E1F-64022481F50D}.Release|x64.Deploy.0 = Release|x64
	EndGlobalSection
	GlobalSection(SolutionProperties) = preSolution
		HideSolutionNode = FALSE
	EndGlobalSection
EndGlobal
